// !$*UTF8*$!
{
	archiveVersion = 1;
	classes = {
	};
	objectVersion = 46;
	objects = {

/* Begin PBXBuildFile section */
		323748481C2468A900048B2A /* MapController.swift in Sources */ = {isa = PBXBuildFile; fileRef = 323748471C2468A900048B2A /* MapController.swift */; };
		32FD4E881C245DD200BDEE08 /* AppDelegate.swift in Sources */ = {isa = PBXBuildFile; fileRef = 32FD4E871C245DD200BDEE08 /* AppDelegate.swift */; };
		32FD4E8A1C245DD200BDEE08 /* ViewController.swift in Sources */ = {isa = PBXBuildFile; fileRef = 32FD4E891C245DD200BDEE08 /* ViewController.swift */; };
		32FD4E8D1C245DD200BDEE08 /* Main.storyboard in Resources */ = {isa = PBXBuildFile; fileRef = 32FD4E8B1C245DD200BDEE08 /* Main.storyboard */; };
		32FD4E8F1C245DD200BDEE08 /* Assets.xcassets in Resources */ = {isa = PBXBuildFile; fileRef = 32FD4E8E1C245DD200BDEE08 /* Assets.xcassets */; };
		32FD4E921C245DD200BDEE08 /* LaunchScreen.storyboard in Resources */ = {isa = PBXBuildFile; fileRef = 32FD4E901C245DD200BDEE08 /* LaunchScreen.storyboard */; };
		32FD4E9A1C245EC800BDEE08 /* Podfile in Resources */ = {isa = PBXBuildFile; fileRef = 32FD4E991C245EC800BDEE08 /* Podfile */; };
		7F08068AE7FDAA602C0D23EC /* Pods.framework in Frameworks */ = {isa = PBXBuildFile; fileRef = FDBDB4686D0B57DCE70E3647 /* Pods.framework */; };
/* End PBXBuildFile section */

/* Begin PBXFileReference section */
		2B3F5FE12BD970E376114AB3 /* Pods.release.xcconfig */ = {isa = PBXFileReference; includeInIndex = 1; lastKnownFileType = text.xcconfig; name = Pods.release.xcconfig; path = "Pods/Target Support Files/Pods/Pods.release.xcconfig"; sourceTree = "<group>"; };
		323748411C2462E700048B2A /* sctong-Bridging-Header.h */ = {isa = PBXFileReference; lastKnownFileType = sourcecode.c.h; path = "sctong-Bridging-Header.h"; sourceTree = "<group>"; };
		323748471C2468A900048B2A /* MapController.swift */ = {isa = PBXFileReference; fileEncoding = 4; lastKnownFileType = sourcecode.swift; path = MapController.swift; sourceTree = "<group>"; };
		32FD4E841C245DD200BDEE08 /* sctong.app */ = {isa = PBXFileReference; explicitFileType = wrapper.application; includeInIndex = 0; path = sctong.app; sourceTree = BUILT_PRODUCTS_DIR; };
		32FD4E871C245DD200BDEE08 /* AppDelegate.swift */ = {isa = PBXFileReference; lastKnownFileType = sourcecode.swift; path = AppDelegate.swift; sourceTree = "<group>"; };
		32FD4E891C245DD200BDEE08 /* ViewController.swift */ = {isa = PBXFileReference; lastKnownFileType = sourcecode.swift; path = ViewController.swift; sourceTree = "<group>"; };
		32FD4E8C1C245DD200BDEE08 /* Base */ = {isa = PBXFileReference; lastKnownFileType = file.storyboard; name = Base; path = Base.lproj/Main.storyboard; sourceTree = "<group>"; };
		32FD4E8E1C245DD200BDEE08 /* Assets.xcassets */ = {isa = PBXFileReference; lastKnownFileType = folder.assetcatalog; path = Assets.xcassets; sourceTree = "<group>"; };
		32FD4E911C245DD200BDEE08 /* Base */ = {isa = PBXFileReference; lastKnownFileType = file.storyboard; name = Base; path = Base.lproj/LaunchScreen.storyboard; sourceTree = "<group>"; };
		32FD4E931C245DD200BDEE08 /* Info.plist */ = {isa = PBXFileReference; lastKnownFileType = text.plist.xml; path = Info.plist; sourceTree = "<group>"; };
		32FD4E991C245EC800BDEE08 /* Podfile */ = {isa = PBXFileReference; fileEncoding = 4; lastKnownFileType = text; path = Podfile; sourceTree = "<group>"; xcLanguageSpecificationIdentifier = xcode.lang.ruby; };
		FDBDB4686D0B57DCE70E3647 /* Pods.framework */ = {isa = PBXFileReference; explicitFileType = wrapper.framework; includeInIndex = 0; path = Pods.framework; sourceTree = BUILT_PRODUCTS_DIR; };
		FDC595D31B6DCC619F26C4E0 /* Pods.debug.xcconfig */ = {isa = PBXFileReference; includeInIndex = 1; lastKnownFileType = text.xcconfig; name = Pods.debug.xcconfig; path = "Pods/Target Support Files/Pods/Pods.debug.xcconfig"; sourceTree = "<group>"; };
/* End PBXFileReference section */

/* Begin PBXFrameworksBuildPhase section */
		32FD4E811C245DD200BDEE08 /* Frameworks */ = {
			isa = PBXFrameworksBuildPhase;
			buildActionMask = 2147483647;
			files = (
				7F08068AE7FDAA602C0D23EC /* Pods.framework in Frameworks */,
			);
			runOnlyForDeploymentPostprocessing = 0;
		};
/* End PBXFrameworksBuildPhase section */

/* Begin PBXGroup section */
		32FD4E7B1C245DD200BDEE08 = {
			isa = PBXGroup;
			children = (
				32FD4E991C245EC800BDEE08 /* Podfile */,
				323748411C2462E700048B2A /* sctong-Bridging-Header.h */,
				32FD4E861C245DD200BDEE08 /* sctong */,
				32FD4E851C245DD200BDEE08 /* Products */,
				C069E9B5771B9E3F8BE33EDE /* Pods */,
				803DDD72AEDE3073403163AF /* Frameworks */,
			);
			sourceTree = "<group>";
		};
		32FD4E851C245DD200BDEE08 /* Products */ = {
			isa = PBXGroup;
			children = (
				32FD4E841C245DD200BDEE08 /* sctong.app */,
			);
			name = Products;
			sourceTree = "<group>";
		};
		32FD4E861C245DD200BDEE08 /* sctong */ = {
			isa = PBXGroup;
			children = (
				32FD4E871C245DD200BDEE08 /* AppDelegate.swift */,
				32FD4E891C245DD200BDEE08 /* ViewController.swift */,
				32FD4E8B1C245DD200BDEE08 /* Main.storyboard */,
				32FD4E8E1C245DD200BDEE08 /* Assets.xcassets */,
				32FD4E901C245DD200BDEE08 /* LaunchScreen.storyboard */,
				32FD4E931C245DD200BDEE08 /* Info.plist */,
				323748471C2468A900048B2A /* MapController.swift */,
			);
			path = sctong;
			sourceTree = "<group>";
		};
		803DDD72AEDE3073403163AF /* Frameworks */ = {
			isa = PBXGroup;
			children = (
				FDBDB4686D0B57DCE70E3647 /* Pods.framework */,
			);
			name = Frameworks;
			sourceTree = "<group>";
		};
		C069E9B5771B9E3F8BE33EDE /* Pods */ = {
			isa = PBXGroup;
			children = (
				FDC595D31B6DCC619F26C4E0 /* Pods.debug.xcconfig */,
				2B3F5FE12BD970E376114AB3 /* Pods.release.xcconfig */,
			);
			name = Pods;
			sourceTree = "<group>";
		};
/* End PBXGroup section */

/* Begin PBXNativeTarget section */
		32FD4E831C245DD200BDEE08 /* sctong */ = {
			isa = PBXNativeTarget;
			buildConfigurationList = 32FD4E961C245DD200BDEE08 /* Build configuration list for PBXNativeTarget "sctong" */;
			buildPhases = (
				C4EE69E2096BC2D23D6C6897 /* Check Pods Manifest.lock */,
				32FD4E801C245DD200BDEE08 /* Sources */,
				32FD4E811C245DD200BDEE08 /* Frameworks */,
				32FD4E821C245DD200BDEE08 /* Resources */,
				E86A69684E4EAD30CA07EFB8 /* Embed Pods Frameworks */,
				8ED46F04140D183779E61DCB /* Copy Pods Resources */,
			);
			buildRules = (
			);
			dependencies = (
			);
			name = sctong;
			productName = sctong;
			productReference = 32FD4E841C245DD200BDEE08 /* sctong.app */;
			productType = "com.apple.product-type.application";
		};
/* End PBXNativeTarget section */

/* Begin PBXProject section */
		32FD4E7C1C245DD200BDEE08 /* Project object */ = {
			isa = PBXProject;
			attributes = {
				LastSwiftUpdateCheck = 0720;
				LastUpgradeCheck = 0720;
				ORGANIZATIONNAME = mmmm;
				TargetAttributes = {
					32FD4E831C245DD200BDEE08 = {
						CreatedOnToolsVersion = 7.2;
					};
				};
			};
			buildConfigurationList = 32FD4E7F1C245DD200BDEE08 /* Build configuration list for PBXProject "sctong" */;
			compatibilityVersion = "Xcode 3.2";
			developmentRegion = English;
			hasScannedForEncodings = 0;
			knownRegions = (
				en,
				Base,
			);
			mainGroup = 32FD4E7B1C245DD200BDEE08;
			productRefGroup = 32FD4E851C245DD200BDEE08 /* Products */;
			projectDirPath = "";
			projectRoot = "";
			targets = (
				32FD4E831C245DD200BDEE08 /* sctong */,
			);
		};
/* End PBXProject section */

/* Begin PBXResourcesBuildPhase section */
		32FD4E821C245DD200BDEE08 /* Resources */ = {
			isa = PBXResourcesBuildPhase;
			buildActionMask = 2147483647;
			files = (
				32FD4E921C245DD200BDEE08 /* LaunchScreen.storyboard in Resources */,
				32FD4E8F1C245DD200BDEE08 /* Assets.xcassets in Resources */,
				32FD4E9A1C245EC800BDEE08 /* Podfile in Resources */,
				32FD4E8D1C245DD200BDEE08 /* Main.storyboard in Resources */,
			);
			runOnlyForDeploymentPostprocessing = 0;
		};
/* End PBXResourcesBuildPhase section */

/* Begin PBXShellScriptBuildPhase section */
		8ED46F04140D183779E61DCB /* Copy Pods Resources */ = {
			isa = PBXShellScriptBuildPhase;
			buildActionMask = 2147483647;
			files = (
			);
			inputPaths = (
			);
			name = "Copy Pods Resources";
			outputPaths = (
			);
			runOnlyForDeploymentPostprocessing = 0;
			shellPath = /bin/sh;
			shellScript = "\"${SRCROOT}/Pods/Target Support Files/Pods/Pods-resources.sh\"\n";
			showEnvVarsInLog = 0;
		};
		C4EE69E2096BC2D23D6C6897 /* Check Pods Manifest.lock */ = {
			isa = PBXShellScriptBuildPhase;
			buildActionMask = 2147483647;
			files = (
			);
			inputPaths = (
			);
			name = "Check Pods Manifest.lock";
			outputPaths = (
			);
			runOnlyForDeploymentPostprocessing = 0;
			shellPath = /bin/sh;
			shellScript = "diff \"${PODS_ROOT}/../Podfile.lock\" \"${PODS_ROOT}/Manifest.lock\" > /dev/null\nif [[ $? != 0 ]] ; then\n    cat << EOM\nerror: The sandbox is not in sync with the Podfile.lock. Run 'pod install' or update your CocoaPods installation.\nEOM\n    exit 1\nfi\n";
			showEnvVarsInLog = 0;
		};
		E86A69684E4EAD30CA07EFB8 /* Embed Pods Frameworks */ = {
			isa = PBXShellScriptBuildPhase;
			buildActionMask = 2147483647;
			files = (
			);
			inputPaths = (
			);
			name = "Embed Pods Frameworks";
			outputPaths = (
			);
			runOnlyForDeploymentPostprocessing = 0;
			shellPath = /bin/sh;
			shellScript = "\"${SRCROOT}/Pods/Target Support Files/Pods/Pods-frameworks.sh\"\n";
			showEnvVarsInLog = 0;
		};
/* End PBXShellScriptBuildPhase section */

/* Begin PBXSourcesBuildPhase section */
		32FD4E801C245DD200BDEE08 /* Sources */ = {
			isa = PBXSourcesBuildPhase;
			buildActionMask = 2147483647;
			files = (
				32FD4E8A1C245DD200BDEE08 /* ViewController.swift in Sources */,
				323748481C2468A900048B2A /* MapController.swift in Sources */,
				32FD4E881C245DD200BDEE08 /* AppDelegate.swift in Sources */,
			);
			runOnlyForDeploymentPostprocessing = 0;
		};
/* End PBXSourcesBuildPhase section */

/* Begin PBXVariantGroup section */
		32FD4E8B1C245DD200BDEE08 /* Main.storyboard */ = {
			isa = PBXVariantGroup;
			children = (
				32FD4E8C1C245DD200BDEE08 /* Base */,
			);
			name = Main.storyboard;
			sourceTree = "<group>";
		};
		32FD4E901C245DD200BDEE08 /* LaunchScreen.storyboard */ = {
			isa = PBXVariantGroup;
			children = (
				32FD4E911C245DD200BDEE08 /* Base */,
			);
			name = LaunchScreen.storyboard;
			sourceTree = "<group>";
		};
/* End PBXVariantGroup section */

/* Begin XCBuildConfiguration section */
		32FD4E941C245DD200BDEE08 /* Debug */ = {
			isa = XCBuildConfiguration;
			buildSettings = {
				ALWAYS_SEARCH_USER_PATHS = NO;
				CLANG_CXX_LANGUAGE_STANDARD = "gnu++0x";
				CLANG_CXX_LIBRARY = "libc++";
				CLANG_ENABLE_MODULES = YES;
				CLANG_ENABLE_OBJC_ARC = YES;
				CLANG_WARN_BOOL_CONVERSION = YES;
				CLANG_WARN_CONSTANT_CONVERSION = YES;
				CLANG_WARN_DIRECT_OBJC_ISA_USAGE = YES_ERROR;
				CLANG_WARN_EMPTY_BODY = YES;
				CLANG_WARN_ENUM_CONVERSION = YES;
				CLANG_WARN_INT_CONVERSION = YES;
				CLANG_WARN_OBJC_ROOT_CLASS = YES_ERROR;
				CLANG_WARN_UNREACHABLE_CODE = YES;
				CLANG_WARN__DUPLICATE_METHOD_MATCH = YES;
				"CODE_SIGN_IDENTITY[sdk=iphoneos*]" = "iPhone Developer";
				COPY_PHASE_STRIP = NO;
				DEBUG_INFORMATION_FORMAT = dwarf;
				ENABLE_STRICT_OBJC_MSGSEND = YES;
				ENABLE_TESTABILITY = YES;
				GCC_C_LANGUAGE_STANDARD = gnu99;
				GCC_DYNAMIC_NO_PIC = NO;
				GCC_NO_COMMON_BLOCKS = YES;
				GCC_OPTIMIZATION_LEVEL = 0;
				GCC_PREPROCESSOR_DEFINITIONS = (
					"DEBUG=1",
					"$(inherited)",
				);
				GCC_WARN_64_TO_32_BIT_CONVERSION = YES;
				GCC_WARN_ABOUT_RETURN_TYPE = YES_ERROR;
				GCC_WARN_UNDECLARED_SELECTOR = YES;
				GCC_WARN_UNINITIALIZED_AUTOS = YES_AGGRESSIVE;
				GCC_WARN_UNUSED_FUNCTION = YES;
				GCC_WARN_UNUSED_VARIABLE = YES;
				IPHONEOS_DEPLOYMENT_TARGET = 9.2;
				MTL_ENABLE_DEBUG_INFO = YES;
				ONLY_ACTIVE_ARCH = YES;
				SDKROOT = iphoneos;
				SWIFT_OPTIMIZATION_LEVEL = "-Onone";
			};
			name = Debug;
		};
		32FD4E951C245DD200BDEE08 /* Release */ = {
			isa = XCBuildConfiguration;
			buildSettings = {
				ALWAYS_SEARCH_USER_PATHS = NO;
				CLANG_CXX_LANGUAGE_STANDARD = "gnu++0x";
				CLANG_CXX_LIBRARY = "libc++";
				CLANG_ENABLE_MODULES = YES;
				CLANG_ENABLE_OBJC_ARC = YES;
				CLANG_WARN_BOOL_CONVERSION = YES;
				CLANG_WARN_CONSTANT_CONVERSION = YES;
				CLANG_WARN_DIRECT_OBJC_ISA_USAGE = YES_ERROR;
				CLANG_WARN_EMPTY_BODY = YES;
				CLANG_WARN_ENUM_CONVERSION = YES;
				CLANG_WARN_INT_CONVERSION = YES;
				CLANG_WARN_OBJC_ROOT_CLASS = YES_ERROR;
				CLANG_WARN_UNREACHABLE_CODE = YES;
				CLANG_WARN__DUPLICATE_METHOD_MATCH = YES;
				"CODE_SIGN_IDENTITY[sdk=iphoneos*]" = "iPhone Developer";
				COPY_PHASE_STRIP = NO;
				DEBUG_INFORMATION_FORMAT = "dwarf-with-dsym";
				ENABLE_NS_ASSERTIONS = NO;
				ENABLE_STRICT_OBJC_MSGSEND = YES;
				GCC_C_LANGUAGE_STANDARD = gnu99;
				GCC_NO_COMMON_BLOCKS = YES;
				GCC_WARN_64_TO_32_BIT_CONVERSION = YES;
				GCC_WARN_ABOUT_RETURN_TYPE = YES_ERROR;
				GCC_WARN_UNDECLARED_SELECTOR = YES;
				GCC_WARN_UNINITIALIZED_AUTOS = YES_AGGRESSIVE;
				GCC_WARN_UNUSED_FUNCTION = YES;
				GCC_WARN_UNUSED_VARIABLE = YES;
				IPHONEOS_DEPLOYMENT_TARGET = 9.2;
				MTL_ENABLE_DEBUG_INFO = NO;
				SDKROOT = iphoneos;
				VALIDATE_PRODUCT = YES;
			};
			name = Release;
		};
		32FD4E971C245DD200BDEE08 /* Debug */ = {
			isa = XCBuildConfiguration;
			baseConfigurationReference = FDC595D31B6DCC619F26C4E0 /* Pods.debug.xcconfig */;
			buildSettings = {
				ASSETCATALOG_COMPILER_APPICON_NAME = AppIcon;
				CLANG_ENABLE_MODULES = YES;
				INFOPLIST_FILE = sctong/Info.plist;
				LD_RUNPATH_SEARCH_PATHS = "$(inherited) @executable_path/Frameworks";
				PRODUCT_BUNDLE_IDENTIFIER = com.sctong;
				PRODUCT_NAME = "$(TARGET_NAME)";
				SWIFT_OBJC_BRIDGING_HEADER = "sctong-Bridging-Header.h";
				SWIFT_OPTIMIZATION_LEVEL = "-Onone";
			};
			name = Debug;
		};
		32FD4E981C245DD200BDEE08 /* Release */ = {
			isa = XCBuildConfiguration;
			baseConfigurationReference = 2B3F5FE12BD970E376114AB3 /* Pods.release.xcconfig */;
			buildSettings = {
				ASSETCATALOG_COMPILER_APPICON_NAME = AppIcon;
				CLANG_ENABLE_MODULES = YES;
				INFOPLIST_FILE = sctong/Info.plist;
				LD_RUNPATH_SEARCH_PATHS = "$(inherited) @executable_path/Frameworks";
				PRODUCT_BUNDLE_IDENTIFIER = com.sctong;
				PRODUCT_NAME = "$(TARGET_NAME)";
				SWIFT_OBJC_BRIDGING_HEADER = "sctong-Bridging-Header.h";
			};
			name = Release;
		};
/* End XCBuildConfiguration section */

/* Begin XCConfigurationList section */
		32FD4E7F1C245DD200BDEE08 /* Build configuration list for PBXProject "sctong" */ = {
			isa = XCConfigurationList;
			buildConfigurations = (
				32FD4E941C245DD200BDEE08 /* Debug */,
				32FD4E951C245DD200BDEE08 /* Release */,
			);
			defaultConfigurationIsVisible = 0;
			defaultConfigurationName = Release;
		};
		32FD4E961C245DD200BDEE08 /* Build configuration list for PBXNativeTarget "sctong" */ = {
			isa = XCConfigurationList;
			buildConfigurations = (
				32FD4E971C245DD200BDEE08 /* Debug */,
				32FD4E981C245DD200BDEE08 /* Release */,
			);
			defaultConfigurationIsVisible = 0;
			defaultConfigurationName = Release;
		};
/* End XCConfigurationList section */
	};
	rootObject = 32FD4E7C1C245DD200BDEE08 /* Project object */;
}
